
Microsoft Visual Studio Solution File, Format Version 12.00
# Visual Studio Version 17
VisualStudioVersion = 17.7.34003.232
MinimumVisualStudioVersion = 10.0.40219.1
Project("{FAE04EC0-301F-11D3-BF4B-00C04F79EFBC}") = "SportNewspaper", "SportNewspaper\SportNewspaper.csproj", "{15C950B7-40AB-42E1-8A41-5EBC206D4FBA}"
EndProject
Project("{FAE04EC0-301F-11D3-BF4B-00C04F79EFBC}") = "SportNewspaper-Core", "SportNewspaper-Core\SportNewspaper-Core.csproj", "{DE9C0D7F-DD62-4956-96DF-73395B30747F}"
EndProject
Project("{FAE04EC0-301F-11D3-BF4B-00C04F79EFBC}") = "SportNewspaper-Infra", "SportNewspaper-Infra\SportNewspaper-Infra.csproj", "{3648E090-5914-4428-9D9D-19A6B4FE190B}"
EndProject
Global
	GlobalSection(SolutionConfigurationPlatforms) = preSolution
		Debug|Any CPU = Debug|Any CPU
		Release|Any CPU = Release|Any CPU
	EndGlobalSection
	GlobalSection(ProjectConfigurationPlatforms) = postSolution
		{15C950B7-40AB-42E1-8A41-5EBC206D4FBA}.Debug|Any CPU.ActiveCfg = Debug|Any CPU
		{15C950B7-40AB-42E1-8A41-5EBC206D4FBA}.Debug|Any CPU.Build.0 = Debug|Any CPU
		{15C950B7-40AB-42E1-8A41-5EBC206D4FBA}.Release|Any CPU.ActiveCfg = Release|Any CPU
		{15C950B7-40AB-42E1-8A41-5EBC206D4FBA}.Release|Any CPU.Build.0 = Release|Any CPU
		{DE9C0D7F-DD62-4956-96DF-73395B30747F}.Debug|Any CPU.ActiveCfg = Debug|Any CPU
		{DE9C0D7F-DD62-4956-96DF-73395B30747F}.Debug|Any CPU.Build.0 = Debug|Any CPU
		{DE9C0D7F-DD62-4956-96DF-73395B30747F}.Release|Any CPU.ActiveCfg = Release|Any CPU
		{DE9C0D7F-DD62-4956-96DF-73395B30747F}.Release|Any CPU.Build.0 = Release|Any CPU
		{3648E090-5914-4428-9D9D-19A6B4FE190B}.Debug|Any CPU.ActiveCfg = Debug|Any CPU
		{3648E090-5914-4428-9D9D-19A6B4FE190B}.Debug|Any CPU.Build.0 = Debug|Any CPU
		{3648E090-5914-4428-9D9D-19A6B4FE190B}.Release|Any CPU.ActiveCfg = Release|Any CPU
		{3648E090-5914-4428-9D9D-19A6B4FE190B}.Release|Any CPU.Build.0 = Release|Any CPU
	EndGlobalSection
	GlobalSection(SolutionProperties) = preSolution
		HideSolutionNode = FALSE
	EndGlobalSection
	GlobalSection(ExtensibilityGlobals) = postSolution
		SolutionGuid = {2E91132B-E267-45F8-BF41-68E8F19C4275}
	EndGlobalSection
EndGlobal
